
Microsoft Visual Studio Solution File, Format Version 12.00
# Visual Studio Version 16
VisualStudioVersion = 16.0.29613.14
MinimumVisualStudioVersion = 10.0.40219.1
Project("{FAE04EC0-301F-11D3-BF4B-00C04F79EFBC}") = "AliHelper 2.0", "AliHelper 2.0\AliHelper 2.0.csproj", "{7CD0B64E-9155-46D2-B898-C1F2B674554F}"
EndProject
Global
	GlobalSection(SolutionConfigurationPlatforms) = preSolution
		Debug|Any CPU = Debug|Any CPU
		Release|Any CPU = Release|Any CPU
	EndGlobalSection
	GlobalSection(ProjectConfigurationPlatforms) = postSolution
		{7CD0B64E-9155-46D2-B898-C1F2B674554F}.Debug|Any CPU.ActiveCfg = Debug|Any CPU
		{7CD0B64E-9155-46D2-B898-C1F2B674554F}.Debug|Any CPU.Build.0 = Debug|Any CPU
		{7CD0B64E-9155-46D2-B898-C1F2B674554F}.Release|Any CPU.ActiveCfg = Release|Any CPU
		{7CD0B64E-9155-46D2-B898-C1F2B674554F}.Release|Any CPU.Build.0 = Release|Any CPU
	EndGlobalSection
	GlobalSection(SolutionProperties) = preSolution
		HideSolutionNode = FALSE
	EndGlobalSection
	GlobalSection(ExtensibilityGlobals) = postSolution
		SolutionGuid = {AC228DFC-9D8E-4AE2-8D3A-D5523D8051AA}
	EndGlobalSection
EndGlobal
